<?xml version="1.0" encoding="utf-8"?>
<Project ToolsVersion="4.0" xmlns="http://schemas.microsoft.com/developer/msbuild/2003">
  <ItemGroup>
    <Filter Include="Source Files">
      <UniqueIdentifier>{4FC737F1-C7A5-4376-A066-2A32D752A2FF}</UniqueIdentifier>
      <Extensions>cpp;c;cc;cxx;c++;cppm;ixx;def;odl;idl;hpj;bat;asm;asmx</Extensions>
    </Filter>
    <Filter Include="Header Files">
      <UniqueIdentifier>{93995380-89BD-4b04-88EB-625FBE52EBFB}</UniqueIdentifier>
      <Extensions>h;hh;hpp;hxx;h++;hm;inl;inc;ipp;xsd</Extensions>
    </Filter>
    <Filter Include="Resource Files">
      <UniqueIdentifier>{67DA6AB6-F800-4c08-8B7A-83BB121AAD01}</UniqueIdentifier>
      <Extensions>rc;ico;cur;bmp;dlg;rc2;rct;bin;rgs;gif;jpg;jpeg;jpe;resx;tiff;tif;png;wav;mfcribbon-ms</Extensions>
    </Filter>
  </ItemGroup>
  <ItemGroup>
    <ClCompile Include="project_code\graphicsObject.cpp">
      <Filter>Source Files</Filter>
    </ClCompile>
    <ClCompile Include="project_code\squish.cpp">
      <Filter>Source Files</Filter>
    </ClCompile>
    <ClCompile Include="project_code\camera.cpp">
      <Filter>Source Files</Filter>
    </ClCompile>
    <ClCompile Include="project_code\Solution.cpp">
      <Filter>Source Files</Filter>
    </ClCompile>
    <ClCompile Include="project_code\stdafx.cpp">
      <Filter>Source Files</Filter>
    </ClCompile>
    <ClCompile Include="project_code\main.cpp">
      <Filter>Source Files</Filter>
    </ClCompile>
    <ClCompile Include="project_code\Shader.cpp">
      <Filter>Source Files</Filter>
    </ClCompile>
    <ClCompile Include="project_code\hand.cpp">
      <Filter>Source Files</Filter>
    </ClCompile>
    <ClCompile Include="project_code\Light.cpp">
      <Filter>Source Files</Filter>
    </ClCompile>
    <ClCompile Include="project_code\Texture.cpp">
      <Filter>Source Files</Filter>
    </ClCompile>
    <ClCompile Include="project_code\SkyBox.cpp">
      <Filter>Source Files</Filter>
    </ClCompile>
    <ClCompile Include="project_code\surface.cpp">
      <Filter>Source Files</Filter>
    </ClCompile>
  </ItemGroup>
  <ItemGroup>
    <ClInclude Include="project_code\graphicsObject.h">
      <Filter>Header Files</Filter>
    </ClInclude>
    <ClInclude Include="project_code\model.h">
      <Filter>Header Files</Filter>
    </ClInclude>
    <ClInclude Include="project_code\squish.h">
      <Filter>Header Files</Filter>
    </ClInclude>
    <ClInclude Include="project_code\camera.h">
      <Filter>Header Files</Filter>
    </ClInclude>
    <ClInclude Include="project_code\geometry_common.h">
      <Filter>Header Files</Filter>
    </ClInclude>
    <ClInclude Include="project_code\Solution.h">
      <Filter>Header Files</Filter>
    </ClInclude>
    <ClInclude Include="project_code\stdafx.h">
      <Filter>Header Files</Filter>
    </ClInclude>
    <ClInclude Include="project_code\targetver.h">
      <Filter>Header Files</Filter>
    </ClInclude>
    <ClInclude Include="project_code\Shader.h">
      <Filter>Header Files</Filter>
    </ClInclude>
    <ClInclude Include="project_code\hand.h">
      <Filter>Header Files</Filter>
    </ClInclude>
    <ClInclude Include="project_code\Light.h">
      <Filter>Header Files</Filter>
    </ClInclude>
    <ClInclude Include="project_code\Texture.h">
      <Filter>Header Files</Filter>
    </ClInclude>
    <ClInclude Include="project_code\SkyBox.h">
      <Filter>Header Files</Filter>
    </ClInclude>
    <ClInclude Include="project_code\surface.h">
      <Filter>Header Files</Filter>
    </ClInclude>
  </ItemGroup>
  <ItemGroup>
    <None Include="project_code\light.frag">
      <Filter>Resource Files</Filter>
    </None>
    <None Include="project_code\light.vert">
      <Filter>Resource Files</Filter>
    </None>
    <None Include="project_code\skybox.frag">
      <Filter>Resource Files</Filter>
    </None>
    <None Include="project_code\skybox.vert">
      <Filter>Resource Files</Filter>
    </None>
  </ItemGroup>
</Project>